{
  "name": "bookmarksort",
  "version": "1.0.0",
  "lockfileVersion": 3,
  "requires": true,
  "packages": {
    "": {
      "name": "bookmarksort",
      "version": "1.0.0",
      "license": "ISC",
      "dependencies": {
        "pyodide": "^0.26.0"
      }
    },
    "node_modules/pyodide": {
      "version": "0.26.0",
      "resolved": "https://registry.npmjs.org/pyodide/-/pyodide-0.26.0.tgz",
      "integrity": "sha512-6thkjsvbvebqNlb2mtkVF5ODcWUYT0lVuOgww4cfEJFVM0J3MtTNPznVahVDzKOdCwSWvCfAqeEqP0wR6jj5uQ==",
      "dependencies": {
        "ws": "^8.5.0"
      },
      "engines": {
        "node": ">=18.0.0"
      }
    },
    "node_modules/ws": {
      "version": "8.17.0",
      "resolved": "https://registry.npmjs.org/ws/-/ws-8.17.0.tgz",
      "integrity": "sha512-uJq6108EgZMAl20KagGkzCKfMEjxmKvZHG7Tlq0Z6nOky7YF7aq4mOx6xK8TJ/i1LeK4Qus7INktacctDgY8Ow==",
      "engines": {
        "node": ">=10.0.0"
      },
      "peerDependencies": {
        "bufferutil": "^4.0.1",
        "utf-8-validate": ">=5.0.2"
      },
      "peerDependenciesMeta": {
        "bufferutil": {
          "optional": true
        },
        "utf-8-validate": {
          "optional": true
        }
      }
    }
  }
}
